Microsoft Visual Studio Solution File, Format Version 12.00
# Visual Studio Version 18
VisualStudioVersion = 18.8.12023.21 stable
MinimumVisualStudioVersion = 10.0.40219.1
Project("{8BC9CEB8-8B4A-11D0-8D11-00A0C91BC942}") = "ScientificCalculator", "ScientificCalculator.vcxproj", "{5C5E55B0-292E-4F73-8C90-6C10FED57584}"
EndProject
Project("{8BC9CEB8-8B4A-11D0-8D11-00A0C91BC942}") = "CalculatorTests", "CalculatorTests.vcxproj", "{05C22872-38E8-4EEB-81AC-369263B541E5}"
EndProject
Global
	GlobalSection(SolutionConfigurationPlatforms) = preSolution
		Debug|x64 = Debug|x64
		Release|x64 = Release|x64
	EndGlobalSection
	GlobalSection(ProjectConfigurationPlatforms) = postSolution
		{5C5E55B0-292E-4F73-8C90-6C10FED57584}.Debug|x64.ActiveCfg = Debug|x64
		{5C5E55B0-292E-4F73-8C90-6C10FED57584}.Debug|x64.Build.0 = Debug|x64
		{5C5E55B0-292E-4F73-8C90-6C10FED57584}.Release|x64.ActiveCfg = Release|x64
		{5C5E55B0-292E-4F73-8C90-6C10FED57584}.Release|x64.Build.0 = Release|x64
		{05C22872-38E8-4EEB-81AC-369263B541E5}.Debug|x64.ActiveCfg = Debug|x64
		{05C22872-38E8-4EEB-81AC-369263B541E5}.Debug|x64.Build.0 = Debug|x64
		{05C22872-38E8-4EEB-81AC-369263B541E5}.Release|x64.ActiveCfg = Release|x64
		{05C22872-38E8-4EEB-81AC-369263B541E5}.Release|x64.Build.0 = Release|x64
	EndGlobalSection
	GlobalSection(SolutionProperties) = preSolution
		HideSolutionNode = FALSE
	EndGlobalSection
EndGlobal
